# This file is automatically @generated by Cargo.
# It is not intended for manual editing.
version = 4

[[package]]
name = "horae"
version = "0.6.1"
source = "git+https://github.com/Xqhare/horae#e268f0acf12426629a8d2d0318ae37a9503c2558"

[[package]]
name = "libc"
version = "0.2.159"
source = "registry+https://github.com/rust-lang/crates.io-index"
checksum = "561d97a539a36e26a9a5fad1ea11a3039a67714694aaa379433e580854bc3dc5"

[[package]]
name = "shamash"
version = "0.7.0"
dependencies = [
 "horae",
 "signal-hook",
]

[[package]]
name = "signal-hook"
version = "0.4.1"
source = "registry+https://github.com/rust-lang/crates.io-index"
checksum = "2a37d01603c37b5466f808de79f845c7116049b0579adb70a6b7d47c1fa3a952"
dependencies = [
 "libc",
 "signal-hook-registry",
]

[[package]]
name = "signal-hook-registry"
version = "1.4.2"
source = "registry+https://github.com/rust-lang/crates.io-index"
checksum = "a9e9e0b4211b72e7b8b6e85c807d36c212bdb33ea8587f7569562a84df5465b1"
dependencies = [
 "libc",
]
