# This file is automatically @generated by Cargo.
# It is not intended for manual editing.
version = 4

[[package]]
name = "hades"
version = "1.0.0"
source = "git+https://github.com/Xqhare/hades#a4dcfd13de7582590aec2b34224ff16821b5ff36"
dependencies = [
 "libc",
]

[[package]]
name = "horae"
version = "0.6.3"
source = "git+https://github.com/Xqhare/horae#7a14aed02c302e0157e5be32dcc8362339cd3b84"

[[package]]
name = "libc"
version = "0.2.183"
source = "registry+https://github.com/rust-lang/crates.io-index"
checksum = "b5b646652bf6661599e1da8901b3b9522896f01e736bad5f723fe7a3a27f899d"

[[package]]
name = "mawu"
version = "0.6.2"
source = "git+https://github.com/Xqhare/mawu#8b949b6aacbdecd08e22185ef94b87dcc5c15666"

[[package]]
name = "shamash"
version = "1.4.1"
dependencies = [
 "hades",
 "horae",
 "mawu",
]
